// !$*UTF8*$!
{
	archiveVersion = 1;
	classes = {
	};
	objectVersion = 50;
	objects = {

/* Begin PBXBuildFile section */
		CD43E3BC2151132E00076886 /* AppDelegate.swift in Sources */ = {isa = PBXBuildFile; fileRef = CD43E3BB2151132E00076886 /* AppDelegate.swift */; };
		CD43E3BE2151132E00076886 /* GameViewController.swift in Sources */ = {isa = PBXBuildFile; fileRef = CD43E3BD2151132E00076886 /* GameViewController.swift */; };
		CD43E3C02151132E00076886 /* art.scnassets in Resources */ = {isa = PBXBuildFile; fileRef = CD43E3BF2151132E00076886 /* art.scnassets */; };
		CD43E3C22151132F00076886 /* Assets.xcassets in Resources */ = {isa = PBXBuildFile; fileRef = CD43E3C12151132F00076886 /* Assets.xcassets */; };
		CD43E3C52151132F00076886 /* Main.storyboard in Resources */ = {isa = PBXBuildFile; fileRef = CD43E3C32151132F00076886 /* Main.storyboard */; };
		CD43E3D0215114C400076886 /* Shaders.metal in Sources */ = {isa = PBXBuildFile; fileRef = CD43E3CF215114C400076886 /* Shaders.metal */; };
/* End PBXBuildFile section */

/* Begin PBXFileReference section */
		CD43E3B82151132E00076886 /* Toon-SceneKit.app */ = {isa = PBXFileReference; explicitFileType = wrapper.application; includeInIndex = 0; path = "Toon-SceneKit.app"; sourceTree = BUILT_PRODUCTS_DIR; };
		CD43E3BB2151132E00076886 /* AppDelegate.swift */ = {isa = PBXFileReference; lastKnownFileType = sourcecode.swift; path = AppDelegate.swift; sourceTree = "<group>"; };
		CD43E3BD2151132E00076886 /* GameViewController.swift */ = {isa = PBXFileReference; lastKnownFileType = sourcecode.swift; path = GameViewController.swift; sourceTree = "<group>"; };
		CD43E3BF2151132E00076886 /* art.scnassets */ = {isa = PBXFileReference; lastKnownFileType = wrapper.scnassets; path = art.scnassets; sourceTree = "<group>"; };
		CD43E3C12151132F00076886 /* Assets.xcassets */ = {isa = PBXFileReference; lastKnownFileType = folder.assetcatalog; path = Assets.xcassets; sourceTree = "<group>"; };
		CD43E3C42151132F00076886 /* Base */ = {isa = PBXFileReference; lastKnownFileType = file.storyboard; name = Base; path = Base.lproj/Main.storyboard; sourceTree = "<group>"; };
		CD43E3C62151132F00076886 /* Info.plist */ = {isa = PBXFileReference; lastKnownFileType = text.plist.xml; path = Info.plist; sourceTree = "<group>"; };
		CD43E3C72151132F00076886 /* Toon_SceneKit.entitlements */ = {isa = PBXFileReference; lastKnownFileType = text.plist.entitlements; path = Toon_SceneKit.entitlements; sourceTree = "<group>"; };
		CD43E3CF215114C400076886 /* Shaders.metal */ = {isa = PBXFileReference; lastKnownFileType = sourcecode.metal; path = Shaders.metal; sourceTree = "<group>"; };
/* End PBXFileReference section */

/* Begin PBXFrameworksBuildPhase section */
		CD43E3B52151132E00076886 /* Frameworks */ = {
			isa = PBXFrameworksBuildPhase;
			buildActionMask = 2147483647;
			files = (
			);
			runOnlyForDeploymentPostprocessing = 0;
		};
/* End PBXFrameworksBuildPhase section */

/* Begin PBXGroup section */
		CD43E3AF2151132E00076886 = {
			isa = PBXGroup;
			children = (
				CD43E3BA2151132E00076886 /* Toon-SceneKit */,
				CD43E3B92151132E00076886 /* Products */,
			);
			sourceTree = "<group>";
		};
		CD43E3B92151132E00076886 /* Products */ = {
			isa = PBXGroup;
			children = (
				CD43E3B82151132E00076886 /* Toon-SceneKit.app */,
			);
			name = Products;
			sourceTree = "<group>";
		};
		CD43E3BA2151132E00076886 /* Toon-SceneKit */ = {
			isa = PBXGroup;
			children = (
				CD43E3BB2151132E00076886 /* AppDelegate.swift */,
				CD43E3BD2151132E00076886 /* GameViewController.swift */,
				CD43E3CF215114C400076886 /* Shaders.metal */,
				CD43E3BF2151132E00076886 /* art.scnassets */,
				CD43E3C12151132F00076886 /* Assets.xcassets */,
				CD43E3C32151132F00076886 /* Main.storyboard */,
				CD43E3C62151132F00076886 /* Info.plist */,
				CD43E3C72151132F00076886 /* Toon_SceneKit.entitlements */,
			);
			path = "Toon-SceneKit";
			sourceTree = "<group>";
		};
/* End PBXGroup section */

/* Begin PBXNativeTarget section */
		CD43E3B72151132E00076886 /* Toon-SceneKit */ = {
			isa = PBXNativeTarget;
			buildConfigurationList = CD43E3CA2151132F00076886 /* Build configuration list for PBXNativeTarget "Toon-SceneKit" */;
			buildPhases = (
				CD43E3B42151132E00076886 /* Sources */,
				CD43E3B52151132E00076886 /* Frameworks */,
				CD43E3B62151132E00076886 /* Resources */,
			);
			buildRules = (
			);
			dependencies = (
			);
			name = "Toon-SceneKit";
			productName = "Toon-SceneKit";
			productReference = CD43E3B82151132E00076886 /* Toon-SceneKit.app */;
			productType = "com.apple.product-type.application";
		};
/* End PBXNativeTarget section */

/* Begin PBXProject section */
		CD43E3B02151132E00076886 /* Project object */ = {
			isa = PBXProject;
			attributes = {
				LastSwiftUpdateCheck = 1000;
				LastUpgradeCheck = 1000;
				ORGANIZATIONNAME = Beta;
				TargetAttributes = {
					CD43E3B72151132E00076886 = {
						CreatedOnToolsVersion = 10.0;
					};
				};
			};
			buildConfigurationList = CD43E3B32151132E00076886 /* Build configuration list for PBXProject "Toon-SceneKit" */;
			compatibilityVersion = "Xcode 9.3";
			developmentRegion = en;
			hasScannedForEncodings = 0;
			knownRegions = (
				en,
				Base,
			);
			mainGroup = CD43E3AF2151132E00076886;
			productRefGroup = CD43E3B92151132E00076886 /* Products */;
			projectDirPath = "";
			projectRoot = "";
			targets = (
				CD43E3B72151132E00076886 /* Toon-SceneKit */,
			);
		};
/* End PBXProject section */

/* Begin PBXResourcesBuildPhase section */
		CD43E3B62151132E00076886 /* Resources */ = {
			isa = PBXResourcesBuildPhase;
			buildActionMask = 2147483647;
			files = (
				CD43E3C52151132F00076886 /* Main.storyboard in Resources */,
				CD43E3C22151132F00076886 /* Assets.xcassets in Resources */,
				CD43E3C02151132E00076886 /* art.scnassets in Resources */,
			);
			runOnlyForDeploymentPostprocessing = 0;
		};
/* End PBXResourcesBuildPhase section */

/* Begin PBXSourcesBuildPhase section */
		CD43E3B42151132E00076886 /* Sources */ = {
			isa = PBXSourcesBuildPhase;
			buildActionMask = 2147483647;
			files = (
				CD43E3D0215114C400076886 /* Shaders.metal in Sources */,
				CD43E3BE2151132E00076886 /* GameViewController.swift in Sources */,
				CD43E3BC2151132E00076886 /* AppDelegate.swift in Sources */,
			);
			runOnlyForDeploymentPostprocessing = 0;
		};
/* End PBXSourcesBuildPhase section */

/* Begin PBXVariantGroup section */
		CD43E3C32151132F00076886 /* Main.storyboard */ = {
			isa = PBXVariantGroup;
			children = (
				CD43E3C42151132F00076886 /* Base */,
			);
			name = Main.storyboard;
			sourceTree = "<group>";
		};
/* End PBXVariantGroup section */

/* Begin XCBuildConfiguration section */
		CD43E3C82151132F00076886 /* Debug */ = {
			isa = XCBuildConfiguration;
			buildSettings = {
				ALWAYS_SEARCH_USER_PATHS = NO;
				CLANG_ANALYZER_NONNULL = YES;
				CLANG_ANALYZER_NUMBER_OBJECT_CONVERSION = YES_AGGRESSIVE;
				CLANG_CXX_LANGUAGE_STANDARD = "gnu++14";
				CLANG_CXX_LIBRARY = "libc++";
				CLANG_ENABLE_MODULES = YES;
				CLANG_ENABLE_OBJC_ARC = YES;
				CLANG_ENABLE_OBJC_WEAK = YES;
				CLANG_WARN_BLOCK_CAPTURE_AUTORELEASING = YES;
				CLANG_WARN_BOOL_CONVERSION = YES;
				CLANG_WARN_COMMA = YES;
				CLANG_WARN_CONSTANT_CONVERSION = YES;
				CLANG_WARN_DEPRECATED_OBJC_IMPLEMENTATIONS = YES;
				CLANG_WARN_DIRECT_OBJC_ISA_USAGE = YES_ERROR;
				CLANG_WARN_DOCUMENTATION_COMMENTS = YES;
				CLANG_WARN_EMPTY_BODY = YES;
				CLANG_WARN_ENUM_CONVERSION = YES;
				CLANG_WARN_INFINITE_RECURSION = YES;
				CLANG_WARN_INT_CONVERSION = YES;
				CLANG_WARN_NON_LITERAL_NULL_CONVERSION = YES;
				CLANG_WARN_OBJC_IMPLICIT_RETAIN_SELF = YES;
				CLANG_WARN_OBJC_LITERAL_CONVERSION = YES;
				CLANG_WARN_OBJC_ROOT_CLASS = YES_ERROR;
				CLANG_WARN_RANGE_LOOP_ANALYSIS = YES;
				CLANG_WARN_STRICT_PROTOTYPES = YES;
				CLANG_WARN_SUSPICIOUS_MOVE = YES;
				CLANG_WARN_UNGUARDED_AVAILABILITY = YES_AGGRESSIVE;
				CLANG_WARN_UNREACHABLE_CODE = YES;
				CLANG_WARN__DUPLICATE_METHOD_MATCH = YES;
				CODE_SIGN_IDENTITY = "-";
				COPY_PHASE_STRIP = NO;
				DEBUG_INFORMATION_FORMAT = dwarf;
				ENABLE_STRICT_OBJC_MSGSEND = YES;
				ENABLE_TESTABILITY = YES;
				GCC_C_LANGUAGE_STANDARD = gnu11;
				GCC_DYNAMIC_NO_PIC = NO;
				GCC_NO_COMMON_BLOCKS = YES;
				GCC_OPTIMIZATION_LEVEL = 0;
				GCC_PREPROCESSOR_DEFINITIONS = (
					"DEBUG=1",
					"$(inherited)",
				);
				GCC_WARN_64_TO_32_BIT_CONVERSION = YES;
				GCC_WARN_ABOUT_RETURN_TYPE = YES_ERROR;
				GCC_WARN_UNDECLARED_SELECTOR = YES;
				GCC_WARN_UNINITIALIZED_AUTOS = YES_AGGRESSIVE;
				GCC_WARN_UNUSED_FUNCTION = YES;
				GCC_WARN_UNUSED_VARIABLE = YES;
				MACOSX_DEPLOYMENT_TARGET = 10.14;
				MTL_ENABLE_DEBUG_INFO = INCLUDE_SOURCE;
				MTL_FAST_MATH = YES;
				ONLY_ACTIVE_ARCH = YES;
				SDKROOT = macosx;
				SWIFT_ACTIVE_COMPILATION_CONDITIONS = DEBUG;
				SWIFT_OPTIMIZATION_LEVEL = "-Onone";
			};
			name = Debug;
		};
		CD43E3C92151132F00076886 /* Release */ = {
			isa = XCBuildConfiguration;
			buildSettings = {
				ALWAYS_SEARCH_USER_PATHS = NO;
				CLANG_ANALYZER_NONNULL = YES;
				CLANG_ANALYZER_NUMBER_OBJECT_CONVERSION = YES_AGGRESSIVE;
				CLANG_CXX_LANGUAGE_STANDARD = "gnu++14";
				CLANG_CXX_LIBRARY = "libc++";
				CLANG_ENABLE_MODULES = YES;
				CLANG_ENABLE_OBJC_ARC = YES;
				CLANG_ENABLE_OBJC_WEAK = YES;
				CLANG_WARN_BLOCK_CAPTURE_AUTORELEASING = YES;
				CLANG_WARN_BOOL_CONVERSION = YES;
				CLANG_WARN_COMMA = YES;
				CLANG_WARN_CONSTANT_CONVERSION = YES;
				CLANG_WARN_DEPRECATED_OBJC_IMPLEMENTATIONS = YES;
				CLANG_WARN_DIRECT_OBJC_ISA_USAGE = YES_ERROR;
				CLANG_WARN_DOCUMENTATION_COMMENTS = YES;
				CLANG_WARN_EMPTY_BODY = YES;
				CLANG_WARN_ENUM_CONVERSION = YES;
				CLANG_WARN_INFINITE_RECURSION = YES;
				CLANG_WARN_INT_CONVERSION = YES;
				CLANG_WARN_NON_LITERAL_NULL_CONVERSION = YES;
				CLANG_WARN_OBJC_IMPLICIT_RETAIN_SELF = YES;
				CLANG_WARN_OBJC_LITERAL_CONVERSION = YES;
				CLANG_WARN_OBJC_ROOT_CLASS = YES_ERROR;
				CLANG_WARN_RANGE_LOOP_ANALYSIS = YES;
				CLANG_WARN_STRICT_PROTOTYPES = YES;
				CLANG_WARN_SUSPICIOUS_MOVE = YES;
				CLANG_WARN_UNGUARDED_AVAILABILITY = YES_AGGRESSIVE;
				CLANG_WARN_UNREACHABLE_CODE = YES;
				CLANG_WARN__DUPLICATE_METHOD_MATCH = YES;
				CODE_SIGN_IDENTITY = "-";
				COPY_PHASE_STRIP = NO;
				DEBUG_INFORMATION_FORMAT = "dwarf-with-dsym";
				ENABLE_NS_ASSERTIONS = NO;
				ENABLE_STRICT_OBJC_MSGSEND = YES;
				GCC_C_LANGUAGE_STANDARD = gnu11;
				GCC_NO_COMMON_BLOCKS = YES;
				GCC_WARN_64_TO_32_BIT_CONVERSION = YES;
				GCC_WARN_ABOUT_RETURN_TYPE = YES_ERROR;
				GCC_WARN_UNDECLARED_SELECTOR = YES;
				GCC_WARN_UNINITIALIZED_AUTOS = YES_AGGRESSIVE;
				GCC_WARN_UNUSED_FUNCTION = YES;
				GCC_WARN_UNUSED_VARIABLE = YES;
				MACOSX_DEPLOYMENT_TARGET = 10.14;
				MTL_ENABLE_DEBUG_INFO = NO;
				MTL_FAST_MATH = YES;
				SDKROOT = macosx;
				SWIFT_COMPILATION_MODE = wholemodule;
				SWIFT_OPTIMIZATION_LEVEL = "-O";
			};
			name = Release;
		};
		CD43E3CB2151132F00076886 /* Debug */ = {
			isa = XCBuildConfiguration;
			buildSettings = {
				ASSETCATALOG_COMPILER_APPICON_NAME = AppIcon;
				CODE_SIGN_ENTITLEMENTS = "Toon-SceneKit/Toon_SceneKit.entitlements";
				CODE_SIGN_STYLE = Automatic;
				COMBINE_HIDPI_IMAGES = YES;
				INFOPLIST_FILE = "Toon-SceneKit/Info.plist";
				LD_RUNPATH_SEARCH_PATHS = (
					"$(inherited)",
					"@executable_path/../Frameworks",
				);
				PRODUCT_BUNDLE_IDENTIFIER = "com.razeware.Toon-SceneKit";
				PRODUCT_NAME = "$(TARGET_NAME)";
				SWIFT_VERSION = 4.2;
			};
			name = Debug;
		};
		CD43E3CC2151132F00076886 /* Release */ = {
			isa = XCBuildConfiguration;
			buildSettings = {
				ASSETCATALOG_COMPILER_APPICON_NAME = AppIcon;
				CODE_SIGN_ENTITLEMENTS = "Toon-SceneKit/Toon_SceneKit.entitlements";
				CODE_SIGN_STYLE = Automatic;
				COMBINE_HIDPI_IMAGES = YES;
				INFOPLIST_FILE = "Toon-SceneKit/Info.plist";
				LD_RUNPATH_SEARCH_PATHS = (
					"$(inherited)",
					"@executable_path/../Frameworks",
				);
				PRODUCT_BUNDLE_IDENTIFIER = "com.razeware.Toon-SceneKit";
				PRODUCT_NAME = "$(TARGET_NAME)";
				SWIFT_VERSION = 4.2;
			};
			name = Release;
		};
/* End XCBuildConfiguration section */

/* Begin XCConfigurationList section */
		CD43E3B32151132E00076886 /* Build configuration list for PBXProject "Toon-SceneKit" */ = {
			isa = XCConfigurationList;
			buildConfigurations = (
				CD43E3C82151132F00076886 /* Debug */,
				CD43E3C92151132F00076886 /* Release */,
			);
			defaultConfigurationIsVisible = 0;
			defaultConfigurationName = Release;
		};
		CD43E3CA2151132F00076886 /* Build configuration list for PBXNativeTarget "Toon-SceneKit" */ = {
			isa = XCConfigurationList;
			buildConfigurations = (
				CD43E3CB2151132F00076886 /* Debug */,
				CD43E3CC2151132F00076886 /* Release */,
			);
			defaultConfigurationIsVisible = 0;
			defaultConfigurationName = Release;
		};
/* End XCConfigurationList section */
	};
	rootObject = CD43E3B02151132E00076886 /* Project object */;
}
